
Microsoft Visual Studio Solution File, Format Version 12.00
# Visual Studio Version 16
VisualStudioVersion = 16.0.30804.86
MinimumVisualStudioVersion = 10.0.40219.1
Project("{FAE04EC0-301F-11D3-BF4B-00C04F79EFBC}") = "MilitaryShop.Core", "MilitaryShop.Core\MilitaryShop.Core.csproj", "{DC4D5371-467D-4EF4-892A-D631D9888C0E}"
EndProject
Project("{FAE04EC0-301F-11D3-BF4B-00C04F79EFBC}") = "MilitaryShop.Services", "MilitaryShop.Services\MilitaryShop.Services.csproj", "{40B0942E-4760-420A-99A5-C8AAF1A30377}"
EndProject
Project("{FAE04EC0-301F-11D3-BF4B-00C04F79EFBC}") = "MilitaryShop.DataAccess.SQL", "MilitaryShop.DataAccess.SQL\MilitaryShop.DataAccess.SQL.csproj", "{D778FAE9-350B-4E7D-9FE8-298467EE87C6}"
EndProject
Project("{FAE04EC0-301F-11D3-BF4B-00C04F79EFBC}") = "MilitaryShop.WebUI", "MilitaryShop.WebUI\MilitaryShop.WebUI.csproj", "{B93E6718-1D9E-4B51-B247-5214B7703C5E}"
EndProject
Global
	GlobalSection(SolutionConfigurationPlatforms) = preSolution
		Debug|Any CPU = Debug|Any CPU
		Release|Any CPU = Release|Any CPU
	EndGlobalSection
	GlobalSection(ProjectConfigurationPlatforms) = postSolution
		{DC4D5371-467D-4EF4-892A-D631D9888C0E}.Debug|Any CPU.ActiveCfg = Debug|Any CPU
		{DC4D5371-467D-4EF4-892A-D631D9888C0E}.Debug|Any CPU.Build.0 = Debug|Any CPU
		{DC4D5371-467D-4EF4-892A-D631D9888C0E}.Release|Any CPU.ActiveCfg = Release|Any CPU
		{DC4D5371-467D-4EF4-892A-D631D9888C0E}.Release|Any CPU.Build.0 = Release|Any CPU
		{40B0942E-4760-420A-99A5-C8AAF1A30377}.Debug|Any CPU.ActiveCfg = Debug|Any CPU
		{40B0942E-4760-420A-99A5-C8AAF1A30377}.Debug|Any CPU.Build.0 = Debug|Any CPU
		{40B0942E-4760-420A-99A5-C8AAF1A30377}.Release|Any CPU.ActiveCfg = Release|Any CPU
		{40B0942E-4760-420A-99A5-C8AAF1A30377}.Release|Any CPU.Build.0 = Release|Any CPU
		{D778FAE9-350B-4E7D-9FE8-298467EE87C6}.Debug|Any CPU.ActiveCfg = Debug|Any CPU
		{D778FAE9-350B-4E7D-9FE8-298467EE87C6}.Debug|Any CPU.Build.0 = Debug|Any CPU
		{D778FAE9-350B-4E7D-9FE8-298467EE87C6}.Release|Any CPU.ActiveCfg = Release|Any CPU
		{D778FAE9-350B-4E7D-9FE8-298467EE87C6}.Release|Any CPU.Build.0 = Release|Any CPU
		{B93E6718-1D9E-4B51-B247-5214B7703C5E}.Debug|Any CPU.ActiveCfg = Debug|Any CPU
		{B93E6718-1D9E-4B51-B247-5214B7703C5E}.Debug|Any CPU.Build.0 = Debug|Any CPU
		{B93E6718-1D9E-4B51-B247-5214B7703C5E}.Release|Any CPU.ActiveCfg = Release|Any CPU
		{B93E6718-1D9E-4B51-B247-5214B7703C5E}.Release|Any CPU.Build.0 = Release|Any CPU
	EndGlobalSection
	GlobalSection(SolutionProperties) = preSolution
		HideSolutionNode = FALSE
	EndGlobalSection
	GlobalSection(ExtensibilityGlobals) = postSolution
		SolutionGuid = {11C436DD-91F1-4788-9621-72146A80E550}
	EndGlobalSection
EndGlobal
